
Microsoft Visual Studio Solution File, Format Version 12.00
# Visual Studio Version 17
VisualStudioVersion = 17.3.32901.215
MinimumVisualStudioVersion = 10.0.40219.1
Project("{FAE04EC0-301F-11D3-BF4B-00C04F79EFBC}") = "Home-work_attribute_Citizen", "Home-work_attribute_Citizen\Home-work_attribute_Citizen.csproj", "{F655AEA7-5344-4A2F-9E1F-29DF7A7E23C0}"
EndProject
Global
	GlobalSection(SolutionConfigurationPlatforms) = preSolution
		Debug|Any CPU = Debug|Any CPU
		Release|Any CPU = Release|Any CPU
	EndGlobalSection
	GlobalSection(ProjectConfigurationPlatforms) = postSolution
		{F655AEA7-5344-4A2F-9E1F-29DF7A7E23C0}.Debug|Any CPU.ActiveCfg = Debug|Any CPU
		{F655AEA7-5344-4A2F-9E1F-29DF7A7E23C0}.Debug|Any CPU.Build.0 = Debug|Any CPU
		{F655AEA7-5344-4A2F-9E1F-29DF7A7E23C0}.Release|Any CPU.ActiveCfg = Release|Any CPU
		{F655AEA7-5344-4A2F-9E1F-29DF7A7E23C0}.Release|Any CPU.Build.0 = Release|Any CPU
	EndGlobalSection
	GlobalSection(SolutionProperties) = preSolution
		HideSolutionNode = FALSE
	EndGlobalSection
	GlobalSection(ExtensibilityGlobals) = postSolution
		SolutionGuid = {6409CD62-09F6-4E89-BA63-FC30D5985BD8}
	EndGlobalSection
EndGlobal
